<?xml version="1.0" encoding="utf-8"?>
<Project ToolsVersion="4.0" xmlns="http://schemas.microsoft.com/developer/msbuild/2003">
  <ItemGroup>
    <Filter Include="Source Files">
      <UniqueIdentifier>{4FC737F1-C7A5-4376-A066-2A32D752A2FF}</UniqueIdentifier>
      <Extensions>cpp;c;cc;cxx;def;odl;idl;hpj;bat;asm;asmx</Extensions>
    </Filter>
    <Filter Include="Source Files\00 Introduction">
      <UniqueIdentifier>{16d0a60c-59b0-4f28-b1cc-40ea5ab06abc}</UniqueIdentifier>
    </Filter>
    <Filter Include="Source Files\01 Deducing Types">
      <UniqueIdentifier>{0d3dd754-ad3f-41bc-abba-a4470a85200e}</UniqueIdentifier>
    </Filter>
    <Filter Include="Source Files\02 Auto">
      <UniqueIdentifier>{77e09cc7-7e04-43a5-9deb-77e9cb9afe8f}</UniqueIdentifier>
    </Filter>
    <Filter Include="Source Files\03 Moving to Modern C++">
      <UniqueIdentifier>{7f3315dc-a8e4-4409-becb-15af3e4bd405}</UniqueIdentifier>
    </Filter>
    <Filter Include="Source Files\04 Smart Pointers">
      <UniqueIdentifier>{c4041ef5-55f7-488e-bcc7-dc09bf18c8ea}</UniqueIdentifier>
    </Filter>
    <Filter Include="Source Files\06 Lambda Expressions">
      <UniqueIdentifier>{a4004e9f-a053-4ea3-bc71-c1fb6bf25dce}</UniqueIdentifier>
    </Filter>
    <Filter Include="Source Files\07 Concurrency API">
      <UniqueIdentifier>{e475867e-9694-4fc4-9cb3-439bae81c074}</UniqueIdentifier>
    </Filter>
    <Filter Include="Source Files\08 Tweaks">
      <UniqueIdentifier>{5f7e729c-4a75-4270-a995-9bca9343bc57}</UniqueIdentifier>
    </Filter>
    <Filter Include="Source Files\05 Rvalues, Move Semantics &amp; Perfect Forwarding">
      <UniqueIdentifier>{df031981-20bd-4711-a012-e765a3d7adee}</UniqueIdentifier>
    </Filter>
  </ItemGroup>
  <ItemGroup>
    <ClCompile Include="Main.cpp">
      <Filter>Source Files</Filter>
    </ClCompile>
  </ItemGroup>
</Project>